
Microsoft Visual Studio Solution File, Format Version 12.00
# Visual Studio Version 17
VisualStudioVersion = 17.11.35303.130
MinimumVisualStudioVersion = 10.0.40219.1
Project("{FAE04EC0-301F-11D3-BF4B-00C04F79EFBC}") = "MedicalRecordAutomation", "MedicalRecordAutomation\MedicalRecordAutomation.csproj", "{5D9F9283-3D16-4A47-BA08-18E8B44901FC}"
EndProject
Global
	GlobalSection(SolutionConfigurationPlatforms) = preSolution
		Debug|Any CPU = Debug|Any CPU
		Release|Any CPU = Release|Any CPU
	EndGlobalSection
	GlobalSection(ProjectConfigurationPlatforms) = postSolution
		{5D9F9283-3D16-4A47-BA08-18E8B44901FC}.Debug|Any CPU.ActiveCfg = Debug|Any CPU
		{5D9F9283-3D16-4A47-BA08-18E8B44901FC}.Debug|Any CPU.Build.0 = Debug|Any CPU
		{5D9F9283-3D16-4A47-BA08-18E8B44901FC}.Release|Any CPU.ActiveCfg = Release|Any CPU
		{5D9F9283-3D16-4A47-BA08-18E8B44901FC}.Release|Any CPU.Build.0 = Release|Any CPU
	EndGlobalSection
	GlobalSection(SolutionProperties) = preSolution
		HideSolutionNode = FALSE
	EndGlobalSection
	GlobalSection(ExtensibilityGlobals) = postSolution
		SolutionGuid = {7059CCB5-D00C-4489-B6ED-5D0335E0A0F4}
	EndGlobalSection
EndGlobal
